
Microsoft Visual Studio Solution File, Format Version 12.00
# Visual Studio Version 16
VisualStudioVersion = 16.0.30002.166
MinimumVisualStudioVersion = 10.0.40219.1
Project("{9A19103F-16F7-4668-BE54-9A1E7A4F7556}") = "Datatables.ServerSide", "Datatables.ServerSide\Datatables.ServerSide.csproj", "{010D710F-2804-4223-A06C-F0F3AF49307E}"
EndProject
Project("{2150E333-8FDC-42A3-9474-1A3956D46DE8}") = "SolutionItems", "SolutionItems", "{620A8540-C319-411F-8CCA-6596ED574BEB}"
	ProjectSection(SolutionItems) = preProject
		SampleCustomers.sql = SampleCustomers.sql
	EndProjectSection
EndProject
Global
	GlobalSection(SolutionConfigurationPlatforms) = preSolution
		Debug|Any CPU = Debug|Any CPU
		Release|Any CPU = Release|Any CPU
	EndGlobalSection
	GlobalSection(ProjectConfigurationPlatforms) = postSolution
		{010D710F-2804-4223-A06C-F0F3AF49307E}.Debug|Any CPU.ActiveCfg = Debug|Any CPU
		{010D710F-2804-4223-A06C-F0F3AF49307E}.Debug|Any CPU.Build.0 = Debug|Any CPU
		{010D710F-2804-4223-A06C-F0F3AF49307E}.Release|Any CPU.ActiveCfg = Release|Any CPU
		{010D710F-2804-4223-A06C-F0F3AF49307E}.Release|Any CPU.Build.0 = Release|Any CPU
	EndGlobalSection
	GlobalSection(SolutionProperties) = preSolution
		HideSolutionNode = FALSE
	EndGlobalSection
	GlobalSection(ExtensibilityGlobals) = postSolution
		SolutionGuid = {98C245FF-7579-477E-A21E-13EBC85A3FB5}
	EndGlobalSection
EndGlobal
